// !$*UTF8*$!
{
	archiveVersion = 1;
	classes = {
	};
	objectVersion = 50;
	objects = {

/* Begin PBXBuildFile section */
		6235C5692090BFED007053AE /* AppDelegate.m in Sources */ = {isa = PBXBuildFile; fileRef = 6235C5682090BFED007053AE /* AppDelegate.m */; };
		6235C56C2090BFED007053AE /* BLViewController.m in Sources */ = {isa = PBXBuildFile; fileRef = 6235C56B2090BFED007053AE /* BLViewController.m */; };
		6235C56F2090BFED007053AE /* Main.storyboard in Resources */ = {isa = PBXBuildFile; fileRef = 6235C56D2090BFED007053AE /* Main.storyboard */; };
		6235C5712090BFEE007053AE /* Assets.xcassets in Resources */ = {isa = PBXBuildFile; fileRef = 6235C5702090BFEE007053AE /* Assets.xcassets */; };
		6235C5742090BFEE007053AE /* LaunchScreen.storyboard in Resources */ = {isa = PBXBuildFile; fileRef = 6235C5722090BFEE007053AE /* LaunchScreen.storyboard */; };
		6235C5772090BFEE007053AE /* main.m in Sources */ = {isa = PBXBuildFile; fileRef = 6235C5762090BFEE007053AE /* main.m */; };
		6235C5812090BFEE007053AE /* BusyLifeTests.m in Sources */ = {isa = PBXBuildFile; fileRef = 6235C5802090BFEE007053AE /* BusyLifeTests.m */; };
		6235C58C2090BFEE007053AE /* BusyLifeUITests.m in Sources */ = {isa = PBXBuildFile; fileRef = 6235C58B2090BFEE007053AE /* BusyLifeUITests.m */; };
		6235C59C2090C049007053AE /* UIView+Common.m in Sources */ = {isa = PBXBuildFile; fileRef = 6235C59B2090C049007053AE /* UIView+Common.m */; };
		6235C5A22090CCBB007053AE /* BLScrollView.m in Sources */ = {isa = PBXBuildFile; fileRef = 6235C59E2090CCBB007053AE /* BLScrollView.m */; };
		6235C5A32090CCBB007053AE /* BLCellView.m in Sources */ = {isa = PBXBuildFile; fileRef = 6235C5A12090CCBB007053AE /* BLCellView.m */; };
		6235C5A82090CCC3007053AE /* BLNumberCellView.m in Sources */ = {isa = PBXBuildFile; fileRef = 6235C5A62090CCC2007053AE /* BLNumberCellView.m */; };
		6235C5A92090CCC3007053AE /* BLNumberInfo.m in Sources */ = {isa = PBXBuildFile; fileRef = 6235C5A72090CCC3007053AE /* BLNumberInfo.m */; };
		6235C5AD2090CEDF007053AE /* BLCellInfo.m in Sources */ = {isa = PBXBuildFile; fileRef = 6235C5AC2090CEDF007053AE /* BLCellInfo.m */; };
		6235C5B22091B4B0007053AE /* BLSecionView.m in Sources */ = {isa = PBXBuildFile; fileRef = 6235C5B12091B4B0007053AE /* BLSecionView.m */; };
		6235C5B52091B4E0007053AE /* BLSectionInfo.m in Sources */ = {isa = PBXBuildFile; fileRef = 6235C5B42091B4E0007053AE /* BLSectionInfo.m */; };
		6235C5B82091C95E007053AE /* BLNumberSectionInfo.m in Sources */ = {isa = PBXBuildFile; fileRef = 6235C5B72091C95E007053AE /* BLNumberSectionInfo.m */; };
/* End PBXBuildFile section */

/* Begin PBXContainerItemProxy section */
		6235C57D2090BFEE007053AE /* PBXContainerItemProxy */ = {
			isa = PBXContainerItemProxy;
			containerPortal = 6235C55C2090BFED007053AE /* Project object */;
			proxyType = 1;
			remoteGlobalIDString = 6235C5632090BFED007053AE;
			remoteInfo = BusyLife;
		};
		6235C5882090BFEE007053AE /* PBXContainerItemProxy */ = {
			isa = PBXContainerItemProxy;
			containerPortal = 6235C55C2090BFED007053AE /* Project object */;
			proxyType = 1;
			remoteGlobalIDString = 6235C5632090BFED007053AE;
			remoteInfo = BusyLife;
		};
/* End PBXContainerItemProxy section */

/* Begin PBXFileReference section */
		6235C5642090BFED007053AE /* BusyLife.app */ = {isa = PBXFileReference; explicitFileType = wrapper.application; includeInIndex = 0; path = BusyLife.app; sourceTree = BUILT_PRODUCTS_DIR; };
		6235C5672090BFED007053AE /* AppDelegate.h */ = {isa = PBXFileReference; lastKnownFileType = sourcecode.c.h; path = AppDelegate.h; sourceTree = "<group>"; };
		6235C5682090BFED007053AE /* AppDelegate.m */ = {isa = PBXFileReference; lastKnownFileType = sourcecode.c.objc; path = AppDelegate.m; sourceTree = "<group>"; };
		6235C56A2090BFED007053AE /* BLViewController.h */ = {isa = PBXFileReference; lastKnownFileType = sourcecode.c.h; path = BLViewController.h; sourceTree = "<group>"; };
		6235C56B2090BFED007053AE /* BLViewController.m */ = {isa = PBXFileReference; lastKnownFileType = sourcecode.c.objc; path = BLViewController.m; sourceTree = "<group>"; };
		6235C56E2090BFED007053AE /* Base */ = {isa = PBXFileReference; lastKnownFileType = file.storyboard; name = Base; path = Base.lproj/Main.storyboard; sourceTree = "<group>"; };
		6235C5702090BFEE007053AE /* Assets.xcassets */ = {isa = PBXFileReference; lastKnownFileType = folder.assetcatalog; path = Assets.xcassets; sourceTree = "<group>"; };
		6235C5732090BFEE007053AE /* Base */ = {isa = PBXFileReference; lastKnownFileType = file.storyboard; name = Base; path = Base.lproj/LaunchScreen.storyboard; sourceTree = "<group>"; };
		6235C5752090BFEE007053AE /* Info.plist */ = {isa = PBXFileReference; lastKnownFileType = text.plist.xml; path = Info.plist; sourceTree = "<group>"; };
		6235C5762090BFEE007053AE /* main.m */ = {isa = PBXFileReference; lastKnownFileType = sourcecode.c.objc; path = main.m; sourceTree = "<group>"; };
		6235C57C2090BFEE007053AE /* BusyLifeTests.xctest */ = {isa = PBXFileReference; explicitFileType = wrapper.cfbundle; includeInIndex = 0; path = BusyLifeTests.xctest; sourceTree = BUILT_PRODUCTS_DIR; };
		6235C5802090BFEE007053AE /* BusyLifeTests.m */ = {isa = PBXFileReference; lastKnownFileType = sourcecode.c.objc; path = BusyLifeTests.m; sourceTree = "<group>"; };
		6235C5822090BFEE007053AE /* Info.plist */ = {isa = PBXFileReference; lastKnownFileType = text.plist.xml; path = Info.plist; sourceTree = "<group>"; };
		6235C5872090BFEE007053AE /* BusyLifeUITests.xctest */ = {isa = PBXFileReference; explicitFileType = wrapper.cfbundle; includeInIndex = 0; path = BusyLifeUITests.xctest; sourceTree = BUILT_PRODUCTS_DIR; };
		6235C58B2090BFEE007053AE /* BusyLifeUITests.m */ = {isa = PBXFileReference; lastKnownFileType = sourcecode.c.objc; path = BusyLifeUITests.m; sourceTree = "<group>"; };
		6235C58D2090BFEE007053AE /* Info.plist */ = {isa = PBXFileReference; lastKnownFileType = text.plist.xml; path = Info.plist; sourceTree = "<group>"; };
		6235C59A2090C049007053AE /* UIView+Common.h */ = {isa = PBXFileReference; fileEncoding = 4; lastKnownFileType = sourcecode.c.h; path = "UIView+Common.h"; sourceTree = "<group>"; };
		6235C59B2090C049007053AE /* UIView+Common.m */ = {isa = PBXFileReference; fileEncoding = 4; lastKnownFileType = sourcecode.c.objc; path = "UIView+Common.m"; sourceTree = "<group>"; };
		6235C59E2090CCBB007053AE /* BLScrollView.m */ = {isa = PBXFileReference; fileEncoding = 4; lastKnownFileType = sourcecode.c.objc; path = BLScrollView.m; sourceTree = "<group>"; };
		6235C59F2090CCBB007053AE /* BLCellView.h */ = {isa = PBXFileReference; fileEncoding = 4; lastKnownFileType = sourcecode.c.h; path = BLCellView.h; sourceTree = "<group>"; };
		6235C5A02090CCBB007053AE /* BLScrollView.h */ = {isa = PBXFileReference; fileEncoding = 4; lastKnownFileType = sourcecode.c.h; path = BLScrollView.h; sourceTree = "<group>"; };
		6235C5A12090CCBB007053AE /* BLCellView.m */ = {isa = PBXFileReference; fileEncoding = 4; lastKnownFileType = sourcecode.c.objc; path = BLCellView.m; sourceTree = "<group>"; };
		6235C5A52090CCC2007053AE /* BLNumberInfo.h */ = {isa = PBXFileReference; fileEncoding = 4; lastKnownFileType = sourcecode.c.h; path = BLNumberInfo.h; sourceTree = "<group>"; };
		6235C5A62090CCC2007053AE /* BLNumberCellView.m */ = {isa = PBXFileReference; fileEncoding = 4; lastKnownFileType = sourcecode.c.objc; path = BLNumberCellView.m; sourceTree = "<group>"; };
		6235C5A72090CCC3007053AE /* BLNumberInfo.m */ = {isa = PBXFileReference; fileEncoding = 4; lastKnownFileType = sourcecode.c.objc; path = BLNumberInfo.m; sourceTree = "<group>"; };
		6235C5AA2090CDC9007053AE /* BLNumberCellView.h */ = {isa = PBXFileReference; fileEncoding = 4; lastKnownFileType = sourcecode.c.h; path = BLNumberCellView.h; sourceTree = "<group>"; };
		6235C5AB2090CEDF007053AE /* BLCellInfo.h */ = {isa = PBXFileReference; lastKnownFileType = sourcecode.c.h; path = BLCellInfo.h; sourceTree = "<group>"; };
		6235C5AC2090CEDF007053AE /* BLCellInfo.m */ = {isa = PBXFileReference; lastKnownFileType = sourcecode.c.objc; path = BLCellInfo.m; sourceTree = "<group>"; };
		6235C5AE209175BE007053AE /* BLSectionView.h */ = {isa = PBXFileReference; lastKnownFileType = sourcecode.c.h; path = BLSectionView.h; sourceTree = "<group>"; };
		6235C5B12091B4B0007053AE /* BLSecionView.m */ = {isa = PBXFileReference; fileEncoding = 4; lastKnownFileType = sourcecode.c.objc; path = BLSecionView.m; sourceTree = "<group>"; };
		6235C5B32091B4E0007053AE /* BLSectionInfo.h */ = {isa = PBXFileReference; lastKnownFileType = sourcecode.c.h; path = BLSectionInfo.h; sourceTree = "<group>"; };
		6235C5B42091B4E0007053AE /* BLSectionInfo.m */ = {isa = PBXFileReference; lastKnownFileType = sourcecode.c.objc; path = BLSectionInfo.m; sourceTree = "<group>"; };
		6235C5B62091C95E007053AE /* BLNumberSectionInfo.h */ = {isa = PBXFileReference; lastKnownFileType = sourcecode.c.h; path = BLNumberSectionInfo.h; sourceTree = "<group>"; };
		6235C5B72091C95E007053AE /* BLNumberSectionInfo.m */ = {isa = PBXFileReference; lastKnownFileType = sourcecode.c.objc; path = BLNumberSectionInfo.m; sourceTree = "<group>"; };
/* End PBXFileReference section */

/* Begin PBXFrameworksBuildPhase section */
		6235C5612090BFED007053AE /* Frameworks */ = {
			isa = PBXFrameworksBuildPhase;
			buildActionMask = 2147483647;
			files = (
			);
			runOnlyForDeploymentPostprocessing = 0;
		};
		6235C5792090BFEE007053AE /* Frameworks */ = {
			isa = PBXFrameworksBuildPhase;
			buildActionMask = 2147483647;
			files = (
			);
			runOnlyForDeploymentPostprocessing = 0;
		};
		6235C5842090BFEE007053AE /* Frameworks */ = {
			isa = PBXFrameworksBuildPhase;
			buildActionMask = 2147483647;
			files = (
			);
			runOnlyForDeploymentPostprocessing = 0;
		};
/* End PBXFrameworksBuildPhase section */

/* Begin PBXGroup section */
		6235C55B2090BFED007053AE = {
			isa = PBXGroup;
			children = (
				6235C5662090BFED007053AE /* BusyLife */,
				6235C57F2090BFEE007053AE /* BusyLifeTests */,
				6235C58A2090BFEE007053AE /* BusyLifeUITests */,
				6235C5652090BFED007053AE /* Products */,
			);
			sourceTree = "<group>";
		};
		6235C5652090BFED007053AE /* Products */ = {
			isa = PBXGroup;
			children = (
				6235C5642090BFED007053AE /* BusyLife.app */,
				6235C57C2090BFEE007053AE /* BusyLifeTests.xctest */,
				6235C5872090BFEE007053AE /* BusyLifeUITests.xctest */,
			);
			name = Products;
			sourceTree = "<group>";
		};
		6235C5662090BFED007053AE /* BusyLife */ = {
			isa = PBXGroup;
			children = (
				6235C59D2090C0BB007053AE /* BLScrollView */,
				6235C5992090C032007053AE /* Category */,
				6235C5672090BFED007053AE /* AppDelegate.h */,
				6235C5682090BFED007053AE /* AppDelegate.m */,
				6235C56A2090BFED007053AE /* BLViewController.h */,
				6235C56B2090BFED007053AE /* BLViewController.m */,
				6235C56D2090BFED007053AE /* Main.storyboard */,
				6235C5702090BFEE007053AE /* Assets.xcassets */,
				6235C5722090BFEE007053AE /* LaunchScreen.storyboard */,
				6235C5752090BFEE007053AE /* Info.plist */,
				6235C5762090BFEE007053AE /* main.m */,
			);
			path = BusyLife;
			sourceTree = "<group>";
		};
		6235C57F2090BFEE007053AE /* BusyLifeTests */ = {
			isa = PBXGroup;
			children = (
				6235C5802090BFEE007053AE /* BusyLifeTests.m */,
				6235C5822090BFEE007053AE /* Info.plist */,
			);
			path = BusyLifeTests;
			sourceTree = "<group>";
		};
		6235C58A2090BFEE007053AE /* BusyLifeUITests */ = {
			isa = PBXGroup;
			children = (
				6235C58B2090BFEE007053AE /* BusyLifeUITests.m */,
				6235C58D2090BFEE007053AE /* Info.plist */,
			);
			path = BusyLifeUITests;
			sourceTree = "<group>";
		};
		6235C5992090C032007053AE /* Category */ = {
			isa = PBXGroup;
			children = (
				6235C59A2090C049007053AE /* UIView+Common.h */,
				6235C59B2090C049007053AE /* UIView+Common.m */,
			);
			path = Category;
			sourceTree = "<group>";
		};
		6235C59D2090C0BB007053AE /* BLScrollView */ = {
			isa = PBXGroup;
			children = (
				6235C5B62091C95E007053AE /* BLNumberSectionInfo.h */,
				6235C5B72091C95E007053AE /* BLNumberSectionInfo.m */,
				6235C5AA2090CDC9007053AE /* BLNumberCellView.h */,
				6235C5A62090CCC2007053AE /* BLNumberCellView.m */,
				6235C5A52090CCC2007053AE /* BLNumberInfo.h */,
				6235C5A72090CCC3007053AE /* BLNumberInfo.m */,
				6235C5A02090CCBB007053AE /* BLScrollView.h */,
				6235C59E2090CCBB007053AE /* BLScrollView.m */,
				6235C59F2090CCBB007053AE /* BLCellView.h */,
				6235C5A12090CCBB007053AE /* BLCellView.m */,
				6235C5AB2090CEDF007053AE /* BLCellInfo.h */,
				6235C5AC2090CEDF007053AE /* BLCellInfo.m */,
				6235C5AE209175BE007053AE /* BLSectionView.h */,
				6235C5B12091B4B0007053AE /* BLSecionView.m */,
				6235C5B32091B4E0007053AE /* BLSectionInfo.h */,
				6235C5B42091B4E0007053AE /* BLSectionInfo.m */,
			);
			path = BLScrollView;
			sourceTree = "<group>";
		};
/* End PBXGroup section */

/* Begin PBXNativeTarget section */
		6235C5632090BFED007053AE /* BusyLife */ = {
			isa = PBXNativeTarget;
			buildConfigurationList = 6235C5902090BFEE007053AE /* Build configuration list for PBXNativeTarget "BusyLife" */;
			buildPhases = (
				6235C5602090BFED007053AE /* Sources */,
				6235C5612090BFED007053AE /* Frameworks */,
				6235C5622090BFED007053AE /* Resources */,
			);
			buildRules = (
			);
			dependencies = (
			);
			name = BusyLife;
			productName = BusyLife;
			productReference = 6235C5642090BFED007053AE /* BusyLife.app */;
			productType = "com.apple.product-type.application";
		};
		6235C57B2090BFEE007053AE /* BusyLifeTests */ = {
			isa = PBXNativeTarget;
			buildConfigurationList = 6235C5932090BFEE007053AE /* Build configuration list for PBXNativeTarget "BusyLifeTests" */;
			buildPhases = (
				6235C5782090BFEE007053AE /* Sources */,
				6235C5792090BFEE007053AE /* Frameworks */,
				6235C57A2090BFEE007053AE /* Resources */,
			);
			buildRules = (
			);
			dependencies = (
				6235C57E2090BFEE007053AE /* PBXTargetDependency */,
			);
			name = BusyLifeTests;
			productName = BusyLifeTests;
			productReference = 6235C57C2090BFEE007053AE /* BusyLifeTests.xctest */;
			productType = "com.apple.product-type.bundle.unit-test";
		};
		6235C5862090BFEE007053AE /* BusyLifeUITests */ = {
			isa = PBXNativeTarget;
			buildConfigurationList = 6235C5962090BFEE007053AE /* Build configuration list for PBXNativeTarget "BusyLifeUITests" */;
			buildPhases = (
				6235C5832090BFEE007053AE /* Sources */,
				6235C5842090BFEE007053AE /* Frameworks */,
				6235C5852090BFEE007053AE /* Resources */,
			);
			buildRules = (
			);
			dependencies = (
				6235C5892090BFEE007053AE /* PBXTargetDependency */,
			);
			name = BusyLifeUITests;
			productName = BusyLifeUITests;
			productReference = 6235C5872090BFEE007053AE /* BusyLifeUITests.xctest */;
			productType = "com.apple.product-type.bundle.ui-testing";
		};
/* End PBXNativeTarget section */

/* Begin PBXProject section */
		6235C55C2090BFED007053AE /* Project object */ = {
			isa = PBXProject;
			attributes = {
				LastUpgradeCheck = 0930;
				ORGANIZATIONNAME = ChuanLi;
				TargetAttributes = {
					6235C5632090BFED007053AE = {
						CreatedOnToolsVersion = 9.3;
					};
					6235C57B2090BFEE007053AE = {
						CreatedOnToolsVersion = 9.3;
						TestTargetID = 6235C5632090BFED007053AE;
					};
					6235C5862090BFEE007053AE = {
						CreatedOnToolsVersion = 9.3;
						TestTargetID = 6235C5632090BFED007053AE;
					};
				};
			};
			buildConfigurationList = 6235C55F2090BFED007053AE /* Build configuration list for PBXProject "BusyLife" */;
			compatibilityVersion = "Xcode 9.3";
			developmentRegion = en;
			hasScannedForEncodings = 0;
			knownRegions = (
				en,
				Base,
			);
			mainGroup = 6235C55B2090BFED007053AE;
			productRefGroup = 6235C5652090BFED007053AE /* Products */;
			projectDirPath = "";
			projectRoot = "";
			targets = (
				6235C5632090BFED007053AE /* BusyLife */,
				6235C57B2090BFEE007053AE /* BusyLifeTests */,
				6235C5862090BFEE007053AE /* BusyLifeUITests */,
			);
		};
/* End PBXProject section */

/* Begin PBXResourcesBuildPhase section */
		6235C5622090BFED007053AE /* Resources */ = {
			isa = PBXResourcesBuildPhase;
			buildActionMask = 2147483647;
			files = (
				6235C5742090BFEE007053AE /* LaunchScreen.storyboard in Resources */,
				6235C5712090BFEE007053AE /* Assets.xcassets in Resources */,
				6235C56F2090BFED007053AE /* Main.storyboard in Resources */,
			);
			runOnlyForDeploymentPostprocessing = 0;
		};
		6235C57A2090BFEE007053AE /* Resources */ = {
			isa = PBXResourcesBuildPhase;
			buildActionMask = 2147483647;
			files = (
			);
			runOnlyForDeploymentPostprocessing = 0;
		};
		6235C5852090BFEE007053AE /* Resources */ = {
			isa = PBXResourcesBuildPhase;
			buildActionMask = 2147483647;
			files = (
			);
			runOnlyForDeploymentPostprocessing = 0;
		};
/* End PBXResourcesBuildPhase section */

/* Begin PBXSourcesBuildPhase section */
		6235C5602090BFED007053AE /* Sources */ = {
			isa = PBXSourcesBuildPhase;
			buildActionMask = 2147483647;
			files = (
				6235C5B52091B4E0007053AE /* BLSectionInfo.m in Sources */,
				6235C56C2090BFED007053AE /* BLViewController.m in Sources */,
				6235C5A22090CCBB007053AE /* BLScrollView.m in Sources */,
				6235C5A82090CCC3007053AE /* BLNumberCellView.m in Sources */,
				6235C5B82091C95E007053AE /* BLNumberSectionInfo.m in Sources */,
				6235C5A92090CCC3007053AE /* BLNumberInfo.m in Sources */,
				6235C5772090BFEE007053AE /* main.m in Sources */,
				6235C5A32090CCBB007053AE /* BLCellView.m in Sources */,
				6235C5692090BFED007053AE /* AppDelegate.m in Sources */,
				6235C5AD2090CEDF007053AE /* BLCellInfo.m in Sources */,
				6235C59C2090C049007053AE /* UIView+Common.m in Sources */,
				6235C5B22091B4B0007053AE /* BLSecionView.m in Sources */,
			);
			runOnlyForDeploymentPostprocessing = 0;
		};
		6235C5782090BFEE007053AE /* Sources */ = {
			isa = PBXSourcesBuildPhase;
			buildActionMask = 2147483647;
			files = (
				6235C5812090BFEE007053AE /* BusyLifeTests.m in Sources */,
			);
			runOnlyForDeploymentPostprocessing = 0;
		};
		6235C5832090BFEE007053AE /* Sources */ = {
			isa = PBXSourcesBuildPhase;
			buildActionMask = 2147483647;
			files = (
				6235C58C2090BFEE007053AE /* BusyLifeUITests.m in Sources */,
			);
			runOnlyForDeploymentPostprocessing = 0;
		};
/* End PBXSourcesBuildPhase section */

/* Begin PBXTargetDependency section */
		6235C57E2090BFEE007053AE /* PBXTargetDependency */ = {
			isa = PBXTargetDependency;
			target = 6235C5632090BFED007053AE /* BusyLife */;
			targetProxy = 6235C57D2090BFEE007053AE /* PBXContainerItemProxy */;
		};
		6235C5892090BFEE007053AE /* PBXTargetDependency */ = {
			isa = PBXTargetDependency;
			target = 6235C5632090BFED007053AE /* BusyLife */;
			targetProxy = 6235C5882090BFEE007053AE /* PBXContainerItemProxy */;
		};
/* End PBXTargetDependency section */

/* Begin PBXVariantGroup section */
		6235C56D2090BFED007053AE /* Main.storyboard */ = {
			isa = PBXVariantGroup;
			children = (
				6235C56E2090BFED007053AE /* Base */,
			);
			name = Main.storyboard;
			sourceTree = "<group>";
		};
		6235C5722090BFEE007053AE /* LaunchScreen.storyboard */ = {
			isa = PBXVariantGroup;
			children = (
				6235C5732090BFEE007053AE /* Base */,
			);
			name = LaunchScreen.storyboard;
			sourceTree = "<group>";
		};
/* End PBXVariantGroup section */

/* Begin XCBuildConfiguration section */
		6235C58E2090BFEE007053AE /* Debug */ = {
			isa = XCBuildConfiguration;
			buildSettings = {
				ALWAYS_SEARCH_USER_PATHS = NO;
				CLANG_ANALYZER_NONNULL = YES;
				CLANG_ANALYZER_NUMBER_OBJECT_CONVERSION = YES_AGGRESSIVE;
				CLANG_CXX_LANGUAGE_STANDARD = "gnu++14";
				CLANG_CXX_LIBRARY = "libc++";
				CLANG_ENABLE_MODULES = YES;
				CLANG_ENABLE_OBJC_ARC = YES;
				CLANG_ENABLE_OBJC_WEAK = YES;
				CLANG_WARN_BLOCK_CAPTURE_AUTORELEASING = YES;
				CLANG_WARN_BOOL_CONVERSION = YES;
				CLANG_WARN_COMMA = YES;
				CLANG_WARN_CONSTANT_CONVERSION = YES;
				CLANG_WARN_DEPRECATED_OBJC_IMPLEMENTATIONS = YES;
				CLANG_WARN_DIRECT_OBJC_ISA_USAGE = YES_ERROR;
				CLANG_WARN_DOCUMENTATION_COMMENTS = YES;
				CLANG_WARN_EMPTY_BODY = YES;
				CLANG_WARN_ENUM_CONVERSION = YES;
				CLANG_WARN_INFINITE_RECURSION = YES;
				CLANG_WARN_INT_CONVERSION = YES;
				CLANG_WARN_NON_LITERAL_NULL_CONVERSION = YES;
				CLANG_WARN_OBJC_IMPLICIT_RETAIN_SELF = YES;
				CLANG_WARN_OBJC_LITERAL_CONVERSION = YES;
				CLANG_WARN_OBJC_ROOT_CLASS = YES_ERROR;
				CLANG_WARN_RANGE_LOOP_ANALYSIS = YES;
				CLANG_WARN_STRICT_PROTOTYPES = YES;
				CLANG_WARN_SUSPICIOUS_MOVE = YES;
				CLANG_WARN_UNGUARDED_AVAILABILITY = YES_AGGRESSIVE;
				CLANG_WARN_UNREACHABLE_CODE = YES;
				CLANG_WARN__DUPLICATE_METHOD_MATCH = YES;
				CODE_SIGN_IDENTITY = "iPhone Developer";
				COPY_PHASE_STRIP = NO;
				DEBUG_INFORMATION_FORMAT = dwarf;
				ENABLE_STRICT_OBJC_MSGSEND = YES;
				ENABLE_TESTABILITY = YES;
				GCC_C_LANGUAGE_STANDARD = gnu11;
				GCC_DYNAMIC_NO_PIC = NO;
				GCC_NO_COMMON_BLOCKS = YES;
				GCC_OPTIMIZATION_LEVEL = 0;
				GCC_PREPROCESSOR_DEFINITIONS = (
					"DEBUG=1",
					"$(inherited)",
				);
				GCC_WARN_64_TO_32_BIT_CONVERSION = YES;
				GCC_WARN_ABOUT_RETURN_TYPE = YES_ERROR;
				GCC_WARN_UNDECLARED_SELECTOR = YES;
				GCC_WARN_UNINITIALIZED_AUTOS = YES_AGGRESSIVE;
				GCC_WARN_UNUSED_FUNCTION = YES;
				GCC_WARN_UNUSED_VARIABLE = YES;
				IPHONEOS_DEPLOYMENT_TARGET = 11.3;
				MTL_ENABLE_DEBUG_INFO = YES;
				ONLY_ACTIVE_ARCH = YES;
				SDKROOT = iphoneos;
			};
			name = Debug;
		};
		6235C58F2090BFEE007053AE /* Release */ = {
			isa = XCBuildConfiguration;
			buildSettings = {
				ALWAYS_SEARCH_USER_PATHS = NO;
				CLANG_ANALYZER_NONNULL = YES;
				CLANG_ANALYZER_NUMBER_OBJECT_CONVERSION = YES_AGGRESSIVE;
				CLANG_CXX_LANGUAGE_STANDARD = "gnu++14";
				CLANG_CXX_LIBRARY = "libc++";
				CLANG_ENABLE_MODULES = YES;
				CLANG_ENABLE_OBJC_ARC = YES;
				CLANG_ENABLE_OBJC_WEAK = YES;
				CLANG_WARN_BLOCK_CAPTURE_AUTORELEASING = YES;
				CLANG_WARN_BOOL_CONVERSION = YES;
				CLANG_WARN_COMMA = YES;
				CLANG_WARN_CONSTANT_CONVERSION = YES;
				CLANG_WARN_DEPRECATED_OBJC_IMPLEMENTATIONS = YES;
				CLANG_WARN_DIRECT_OBJC_ISA_USAGE = YES_ERROR;
				CLANG_WARN_DOCUMENTATION_COMMENTS = YES;
				CLANG_WARN_EMPTY_BODY = YES;
				CLANG_WARN_ENUM_CONVERSION = YES;
				CLANG_WARN_INFINITE_RECURSION = YES;
				CLANG_WARN_INT_CONVERSION = YES;
				CLANG_WARN_NON_LITERAL_NULL_CONVERSION = YES;
				CLANG_WARN_OBJC_IMPLICIT_RETAIN_SELF = YES;
				CLANG_WARN_OBJC_LITERAL_CONVERSION = YES;
				CLANG_WARN_OBJC_ROOT_CLASS = YES_ERROR;
				CLANG_WARN_RANGE_LOOP_ANALYSIS = YES;
				CLANG_WARN_STRICT_PROTOTYPES = YES;
				CLANG_WARN_SUSPICIOUS_MOVE = YES;
				CLANG_WARN_UNGUARDED_AVAILABILITY = YES_AGGRESSIVE;
				CLANG_WARN_UNREACHABLE_CODE = YES;
				CLANG_WARN__DUPLICATE_METHOD_MATCH = YES;
				CODE_SIGN_IDENTITY = "iPhone Developer";
				COPY_PHASE_STRIP = NO;
				DEBUG_INFORMATION_FORMAT = "dwarf-with-dsym";
				ENABLE_NS_ASSERTIONS = NO;
				ENABLE_STRICT_OBJC_MSGSEND = YES;
				GCC_C_LANGUAGE_STANDARD = gnu11;
				GCC_NO_COMMON_BLOCKS = YES;
				GCC_WARN_64_TO_32_BIT_CONVERSION = YES;
				GCC_WARN_ABOUT_RETURN_TYPE = YES_ERROR;
				GCC_WARN_UNDECLARED_SELECTOR = YES;
				GCC_WARN_UNINITIALIZED_AUTOS = YES_AGGRESSIVE;
				GCC_WARN_UNUSED_FUNCTION = YES;
				GCC_WARN_UNUSED_VARIABLE = YES;
				IPHONEOS_DEPLOYMENT_TARGET = 11.3;
				MTL_ENABLE_DEBUG_INFO = NO;
				SDKROOT = iphoneos;
				VALIDATE_PRODUCT = YES;
			};
			name = Release;
		};
		6235C5912090BFEE007053AE /* Debug */ = {
			isa = XCBuildConfiguration;
			buildSettings = {
				ASSETCATALOG_COMPILER_APPICON_NAME = AppIcon;
				CODE_SIGN_STYLE = Automatic;
				DEVELOPMENT_TEAM = CAFR2YRDFM;
				INFOPLIST_FILE = BusyLife/Info.plist;
				LD_RUNPATH_SEARCH_PATHS = (
					"$(inherited)",
					"@executable_path/Frameworks",
				);
				PRODUCT_BUNDLE_IDENTIFIER = bwts.BusyLife;
				PRODUCT_NAME = "$(TARGET_NAME)";
				TARGETED_DEVICE_FAMILY = "1,2";
			};
			name = Debug;
		};
		6235C5922090BFEE007053AE /* Release */ = {
			isa = XCBuildConfiguration;
			buildSettings = {
				ASSETCATALOG_COMPILER_APPICON_NAME = AppIcon;
				CODE_SIGN_STYLE = Automatic;
				DEVELOPMENT_TEAM = CAFR2YRDFM;
				INFOPLIST_FILE = BusyLife/Info.plist;
				LD_RUNPATH_SEARCH_PATHS = (
					"$(inherited)",
					"@executable_path/Frameworks",
				);
				PRODUCT_BUNDLE_IDENTIFIER = bwts.BusyLife;
				PRODUCT_NAME = "$(TARGET_NAME)";
				TARGETED_DEVICE_FAMILY = "1,2";
			};
			name = Release;
		};
		6235C5942090BFEE007053AE /* Debug */ = {
			isa = XCBuildConfiguration;
			buildSettings = {
				BUNDLE_LOADER = "$(TEST_HOST)";
				CODE_SIGN_STYLE = Automatic;
				DEVELOPMENT_TEAM = CAFR2YRDFM;
				INFOPLIST_FILE = BusyLifeTests/Info.plist;
				LD_RUNPATH_SEARCH_PATHS = (
					"$(inherited)",
					"@executable_path/Frameworks",
					"@loader_path/Frameworks",
				);
				PRODUCT_BUNDLE_IDENTIFIER = bwts.BusyLifeTests;
				PRODUCT_NAME = "$(TARGET_NAME)";
				TARGETED_DEVICE_FAMILY = "1,2";
				TEST_HOST = "$(BUILT_PRODUCTS_DIR)/BusyLife.app/BusyLife";
			};
			name = Debug;
		};
		6235C5952090BFEE007053AE /* Release */ = {
			isa = XCBuildConfiguration;
			buildSettings = {
				BUNDLE_LOADER = "$(TEST_HOST)";
				CODE_SIGN_STYLE = Automatic;
				DEVELOPMENT_TEAM = CAFR2YRDFM;
				INFOPLIST_FILE = BusyLifeTests/Info.plist;
				LD_RUNPATH_SEARCH_PATHS = (
					"$(inherited)",
					"@executable_path/Frameworks",
					"@loader_path/Frameworks",
				);
				PRODUCT_BUNDLE_IDENTIFIER = bwts.BusyLifeTests;
				PRODUCT_NAME = "$(TARGET_NAME)";
				TARGETED_DEVICE_FAMILY = "1,2";
				TEST_HOST = "$(BUILT_PRODUCTS_DIR)/BusyLife.app/BusyLife";
			};
			name = Release;
		};
		6235C5972090BFEE007053AE /* Debug */ = {
			isa = XCBuildConfiguration;
			buildSettings = {
				CODE_SIGN_STYLE = Automatic;
				DEVELOPMENT_TEAM = CAFR2YRDFM;
				INFOPLIST_FILE = BusyLifeUITests/Info.plist;
				LD_RUNPATH_SEARCH_PATHS = (
					"$(inherited)",
					"@executable_path/Frameworks",
					"@loader_path/Frameworks",
				);
				PRODUCT_BUNDLE_IDENTIFIER = bwts.BusyLifeUITests;
				PRODUCT_NAME = "$(TARGET_NAME)";
				TARGETED_DEVICE_FAMILY = "1,2";
				TEST_TARGET_NAME = BusyLife;
			};
			name = Debug;
		};
		6235C5982090BFEE007053AE /* Release */ = {
			isa = XCBuildConfiguration;
			buildSettings = {
				CODE_SIGN_STYLE = Automatic;
				DEVELOPMENT_TEAM = CAFR2YRDFM;
				INFOPLIST_FILE = BusyLifeUITests/Info.plist;
				LD_RUNPATH_SEARCH_PATHS = (
					"$(inherited)",
					"@executable_path/Frameworks",
					"@loader_path/Frameworks",
				);
				PRODUCT_BUNDLE_IDENTIFIER = bwts.BusyLifeUITests;
				PRODUCT_NAME = "$(TARGET_NAME)";
				TARGETED_DEVICE_FAMILY = "1,2";
				TEST_TARGET_NAME = BusyLife;
			};
			name = Release;
		};
/* End XCBuildConfiguration section */

/* Begin XCConfigurationList section */
		6235C55F2090BFED007053AE /* Build configuration list for PBXProject "BusyLife" */ = {
			isa = XCConfigurationList;
			buildConfigurations = (
				6235C58E2090BFEE007053AE /* Debug */,
				6235C58F2090BFEE007053AE /* Release */,
			);
			defaultConfigurationIsVisible = 0;
			defaultConfigurationName = Release;
		};
		6235C5902090BFEE007053AE /* Build configuration list for PBXNativeTarget "BusyLife" */ = {
			isa = XCConfigurationList;
			buildConfigurations = (
				6235C5912090BFEE007053AE /* Debug */,
				6235C5922090BFEE007053AE /* Release */,
			);
			defaultConfigurationIsVisible = 0;
			defaultConfigurationName = Release;
		};
		6235C5932090BFEE007053AE /* Build configuration list for PBXNativeTarget "BusyLifeTests" */ = {
			isa = XCConfigurationList;
			buildConfigurations = (
				6235C5942090BFEE007053AE /* Debug */,
				6235C5952090BFEE007053AE /* Release */,
			);
			defaultConfigurationIsVisible = 0;
			defaultConfigurationName = Release;
		};
		6235C5962090BFEE007053AE /* Build configuration list for PBXNativeTarget "BusyLifeUITests" */ = {
			isa = XCConfigurationList;
			buildConfigurations = (
				6235C5972090BFEE007053AE /* Debug */,
				6235C5982090BFEE007053AE /* Release */,
			);
			defaultConfigurationIsVisible = 0;
			defaultConfigurationName = Release;
		};
/* End XCConfigurationList section */
	};
	rootObject = 6235C55C2090BFED007053AE /* Project object */;
}
